
Microsoft Visual Studio Solution File, Format Version 12.00
# Visual Studio Version 17
VisualStudioVersion = 17.14.36221.1
MinimumVisualStudioVersion = 10.0.40219.1
Project("{2150E333-8FDC-42A3-9474-1A3956D46DE8}") = "Solution Items", "Solution Items", "{8EC462FD-D22E-90A8-E5CE-7E832BA40C5D}"
	ProjectSection(SolutionItems) = preProject
		std_lib_facilities.h = std_lib_facilities.h
	EndProjectSection
EndProject
Project("{2150E333-8FDC-42A3-9474-1A3956D46DE8}") = "Part01", "Part01", "{02EA681E-C7D8-13C7-8484-4AC65E1B71E8}"
EndProject
Project("{8BC9CEB8-8B4A-11D0-8D11-00A0C91BC942}") = "hello_world", "hello_world\hello_world.vcxproj", "{3FE0142C-3C0B-45C3-AD0C-4E2F2CE4C996}"
EndProject
Project("{2150E333-8FDC-42A3-9474-1A3956D46DE8}") = "Chapter02", "Chapter02", "{7650D4F6-9A8F-4840-9D23-3B54582D7889}"
EndProject
Project("{2150E333-8FDC-42A3-9474-1A3956D46DE8}") = "Chapter03", "Chapter03", "{CBF3E256-F24F-47E8-A1E4-4AE99864213B}"
EndProject
Project("{8BC9CEB8-8B4A-11D0-8D11-00A0C91BC942}") = "first_name", "first_name\first_name.vcxproj", "{71F0D98E-E491-4584-B72F-F20139C5FB20}"
EndProject
Project("{8BC9CEB8-8B4A-11D0-8D11-00A0C91BC942}") = "name_age", "name_age\name_age.vcxproj", "{EB4885E6-1CBF-47BE-A942-57A5E7239D05}"
EndProject
Project("{8BC9CEB8-8B4A-11D0-8D11-00A0C91BC942}") = "exercie_operators", "exercie_operators\exercie_operators.vcxproj", "{88FDDE21-EC67-48D0-A4D0-548C5C3EECB5}"
EndProject
Project("{8BC9CEB8-8B4A-11D0-8D11-00A0C91BC942}") = "read_names", "read_names\read_names.vcxproj", "{2F895944-C58D-484D-B9A8-DB09537F5592}"
EndProject
Project("{8BC9CEB8-8B4A-11D0-8D11-00A0C91BC942}") = "compare_names", "compare_names\compare_names.vcxproj", "{1E5BC7C1-7AF9-4DA6-9576-92DB27DBAED2}"
EndProject
Project("{8BC9CEB8-8B4A-11D0-8D11-00A0C91BC942}") = "repeated_words", "repeated_words\repeated_words.vcxproj", "{081B44C9-0D2C-454D-BD23-4390AD5F4EEC}"
EndProject
Global
	GlobalSection(SolutionConfigurationPlatforms) = preSolution
		Debug|x64 = Debug|x64
		Debug|x86 = Debug|x86
		Release|x64 = Release|x64
		Release|x86 = Release|x86
	EndGlobalSection
	GlobalSection(ProjectConfigurationPlatforms) = postSolution
		{3FE0142C-3C0B-45C3-AD0C-4E2F2CE4C996}.Debug|x64.ActiveCfg = Debug|x64
		{3FE0142C-3C0B-45C3-AD0C-4E2F2CE4C996}.Debug|x64.Build.0 = Debug|x64
		{3FE0142C-3C0B-45C3-AD0C-4E2F2CE4C996}.Debug|x86.ActiveCfg = Debug|Win32
		{3FE0142C-3C0B-45C3-AD0C-4E2F2CE4C996}.Debug|x86.Build.0 = Debug|Win32
		{3FE0142C-3C0B-45C3-AD0C-4E2F2CE4C996}.Release|x64.ActiveCfg = Release|x64
		{3FE0142C-3C0B-45C3-AD0C-4E2F2CE4C996}.Release|x64.Build.0 = Release|x64
		{3FE0142C-3C0B-45C3-AD0C-4E2F2CE4C996}.Release|x86.ActiveCfg = Release|Win32
		{3FE0142C-3C0B-45C3-AD0C-4E2F2CE4C996}.Release|x86.Build.0 = Release|Win32
		{71F0D98E-E491-4584-B72F-F20139C5FB20}.Debug|x64.ActiveCfg = Debug|x64
		{71F0D98E-E491-4584-B72F-F20139C5FB20}.Debug|x64.Build.0 = Debug|x64
		{71F0D98E-E491-4584-B72F-F20139C5FB20}.Debug|x86.ActiveCfg = Debug|Win32
		{71F0D98E-E491-4584-B72F-F20139C5FB20}.Debug|x86.Build.0 = Debug|Win32
		{71F0D98E-E491-4584-B72F-F20139C5FB20}.Release|x64.ActiveCfg = Release|x64
		{71F0D98E-E491-4584-B72F-F20139C5FB20}.Release|x64.Build.0 = Release|x64
		{71F0D98E-E491-4584-B72F-F20139C5FB20}.Release|x86.ActiveCfg = Release|Win32
		{71F0D98E-E491-4584-B72F-F20139C5FB20}.Release|x86.Build.0 = Release|Win32
		{EB4885E6-1CBF-47BE-A942-57A5E7239D05}.Debug|x64.ActiveCfg = Debug|x64
		{EB4885E6-1CBF-47BE-A942-57A5E7239D05}.Debug|x64.Build.0 = Debug|x64
		{EB4885E6-1CBF-47BE-A942-57A5E7239D05}.Debug|x86.ActiveCfg = Debug|Win32
		{EB4885E6-1CBF-47BE-A942-57A5E7239D05}.Debug|x86.Build.0 = Debug|Win32
		{EB4885E6-1CBF-47BE-A942-57A5E7239D05}.Release|x64.ActiveCfg = Release|x64
		{EB4885E6-1CBF-47BE-A942-57A5E7239D05}.Release|x64.Build.0 = Release|x64
		{EB4885E6-1CBF-47BE-A942-57A5E7239D05}.Release|x86.ActiveCfg = Release|Win32
		{EB4885E6-1CBF-47BE-A942-57A5E7239D05}.Release|x86.Build.0 = Release|Win32
		{88FDDE21-EC67-48D0-A4D0-548C5C3EECB5}.Debug|x64.ActiveCfg = Debug|x64
		{88FDDE21-EC67-48D0-A4D0-548C5C3EECB5}.Debug|x64.Build.0 = Debug|x64
		{88FDDE21-EC67-48D0-A4D0-548C5C3EECB5}.Debug|x86.ActiveCfg = Debug|Win32
		{88FDDE21-EC67-48D0-A4D0-548C5C3EECB5}.Debug|x86.Build.0 = Debug|Win32
		{88FDDE21-EC67-48D0-A4D0-548C5C3EECB5}.Release|x64.ActiveCfg = Release|x64
		{88FDDE21-EC67-48D0-A4D0-548C5C3EECB5}.Release|x64.Build.0 = Release|x64
		{88FDDE21-EC67-48D0-A4D0-548C5C3EECB5}.Release|x86.ActiveCfg = Release|Win32
		{88FDDE21-EC67-48D0-A4D0-548C5C3EECB5}.Release|x86.Build.0 = Release|Win32
		{2F895944-C58D-484D-B9A8-DB09537F5592}.Debug|x64.ActiveCfg = Debug|x64
		{2F895944-C58D-484D-B9A8-DB09537F5592}.Debug|x64.Build.0 = Debug|x64
		{2F895944-C58D-484D-B9A8-DB09537F5592}.Debug|x86.ActiveCfg = Debug|Win32
		{2F895944-C58D-484D-B9A8-DB09537F5592}.Debug|x86.Build.0 = Debug|Win32
		{2F895944-C58D-484D-B9A8-DB09537F5592}.Release|x64.ActiveCfg = Release|x64
		{2F895944-C58D-484D-B9A8-DB09537F5592}.Release|x64.Build.0 = Release|x64
		{2F895944-C58D-484D-B9A8-DB09537F5592}.Release|x86.ActiveCfg = Release|Win32
		{2F895944-C58D-484D-B9A8-DB09537F5592}.Release|x86.Build.0 = Release|Win32
		{1E5BC7C1-7AF9-4DA6-9576-92DB27DBAED2}.Debug|x64.ActiveCfg = Debug|x64
		{1E5BC7C1-7AF9-4DA6-9576-92DB27DBAED2}.Debug|x64.Build.0 = Debug|x64
		{1E5BC7C1-7AF9-4DA6-9576-92DB27DBAED2}.Debug|x86.ActiveCfg = Debug|Win32
		{1E5BC7C1-7AF9-4DA6-9576-92DB27DBAED2}.Debug|x86.Build.0 = Debug|Win32
		{1E5BC7C1-7AF9-4DA6-9576-92DB27DBAED2}.Release|x64.ActiveCfg = Release|x64
		{1E5BC7C1-7AF9-4DA6-9576-92DB27DBAED2}.Release|x64.Build.0 = Release|x64
		{1E5BC7C1-7AF9-4DA6-9576-92DB27DBAED2}.Release|x86.ActiveCfg = Release|Win32
		{1E5BC7C1-7AF9-4DA6-9576-92DB27DBAED2}.Release|x86.Build.0 = Release|Win32
		{081B44C9-0D2C-454D-BD23-4390AD5F4EEC}.Debug|x64.ActiveCfg = Debug|x64
		{081B44C9-0D2C-454D-BD23-4390AD5F4EEC}.Debug|x64.Build.0 = Debug|x64
		{081B44C9-0D2C-454D-BD23-4390AD5F4EEC}.Debug|x86.ActiveCfg = Debug|Win32
		{081B44C9-0D2C-454D-BD23-4390AD5F4EEC}.Debug|x86.Build.0 = Debug|Win32
		{081B44C9-0D2C-454D-BD23-4390AD5F4EEC}.Release|x64.ActiveCfg = Release|x64
		{081B44C9-0D2C-454D-BD23-4390AD5F4EEC}.Release|x64.Build.0 = Release|x64
		{081B44C9-0D2C-454D-BD23-4390AD5F4EEC}.Release|x86.ActiveCfg = Release|Win32
		{081B44C9-0D2C-454D-BD23-4390AD5F4EEC}.Release|x86.Build.0 = Release|Win32
	EndGlobalSection
	GlobalSection(SolutionProperties) = preSolution
		HideSolutionNode = FALSE
	EndGlobalSection
	GlobalSection(NestedProjects) = preSolution
		{3FE0142C-3C0B-45C3-AD0C-4E2F2CE4C996} = {7650D4F6-9A8F-4840-9D23-3B54582D7889}
		{7650D4F6-9A8F-4840-9D23-3B54582D7889} = {02EA681E-C7D8-13C7-8484-4AC65E1B71E8}
		{CBF3E256-F24F-47E8-A1E4-4AE99864213B} = {02EA681E-C7D8-13C7-8484-4AC65E1B71E8}
		{71F0D98E-E491-4584-B72F-F20139C5FB20} = {CBF3E256-F24F-47E8-A1E4-4AE99864213B}
		{EB4885E6-1CBF-47BE-A942-57A5E7239D05} = {CBF3E256-F24F-47E8-A1E4-4AE99864213B}
		{88FDDE21-EC67-48D0-A4D0-548C5C3EECB5} = {CBF3E256-F24F-47E8-A1E4-4AE99864213B}
		{2F895944-C58D-484D-B9A8-DB09537F5592} = {CBF3E256-F24F-47E8-A1E4-4AE99864213B}
		{1E5BC7C1-7AF9-4DA6-9576-92DB27DBAED2} = {CBF3E256-F24F-47E8-A1E4-4AE99864213B}
		{081B44C9-0D2C-454D-BD23-4390AD5F4EEC} = {CBF3E256-F24F-47E8-A1E4-4AE99864213B}
	EndGlobalSection
	GlobalSection(ExtensibilityGlobals) = postSolution
		SolutionGuid = {5ABB697B-6D98-40EF-828D-168230CA7AF8}
	EndGlobalSection
EndGlobal
